
Microsoft Visual Studio Solution File, Format Version 12.00
# Visual Studio Version 17
VisualStudioVersion = 17.2.32602.215
MinimumVisualStudioVersion = 10.0.40219.1
Project("{9A19103F-16F7-4668-BE54-9A1E7A4F7556}") = "Restaraunt.Booking", "Restaraunt.Booking.csproj", "{8E8B76AD-D497-47C1-AB1D-589BB18B7B98}"
	ProjectSection(ProjectDependencies) = postProject
		{003952E0-DBC3-4209-ABE3-4F7E6D8B1980} = {003952E0-DBC3-4209-ABE3-4F7E6D8B1980}
	EndProjectSection
EndProject
Project("{FAE04EC0-301F-11D3-BF4B-00C04F79EFBC}") = "Messaging", "..\Messaging\Messaging.csproj", "{003952E0-DBC3-4209-ABE3-4F7E6D8B1980}"
EndProject
Project("{FAE04EC0-301F-11D3-BF4B-00C04F79EFBC}") = "Restaraunt.Notification", "..\Restaraunt.Notification\Restaraunt.Notification.csproj", "{6BFE8541-4184-483E-91D4-C8DCD9A8811C}"
	ProjectSection(ProjectDependencies) = postProject
		{003952E0-DBC3-4209-ABE3-4F7E6D8B1980} = {003952E0-DBC3-4209-ABE3-4F7E6D8B1980}
	EndProjectSection
EndProject
Global
	GlobalSection(SolutionConfigurationPlatforms) = preSolution
		Debug|Any CPU = Debug|Any CPU
		Release|Any CPU = Release|Any CPU
	EndGlobalSection
	GlobalSection(ProjectConfigurationPlatforms) = postSolution
		{8E8B76AD-D497-47C1-AB1D-589BB18B7B98}.Debug|Any CPU.ActiveCfg = Debug|Any CPU
		{8E8B76AD-D497-47C1-AB1D-589BB18B7B98}.Debug|Any CPU.Build.0 = Debug|Any CPU
		{8E8B76AD-D497-47C1-AB1D-589BB18B7B98}.Release|Any CPU.ActiveCfg = Release|Any CPU
		{8E8B76AD-D497-47C1-AB1D-589BB18B7B98}.Release|Any CPU.Build.0 = Release|Any CPU
		{003952E0-DBC3-4209-ABE3-4F7E6D8B1980}.Debug|Any CPU.ActiveCfg = Debug|Any CPU
		{003952E0-DBC3-4209-ABE3-4F7E6D8B1980}.Debug|Any CPU.Build.0 = Debug|Any CPU
		{003952E0-DBC3-4209-ABE3-4F7E6D8B1980}.Release|Any CPU.ActiveCfg = Release|Any CPU
		{003952E0-DBC3-4209-ABE3-4F7E6D8B1980}.Release|Any CPU.Build.0 = Release|Any CPU
		{6BFE8541-4184-483E-91D4-C8DCD9A8811C}.Debug|Any CPU.ActiveCfg = Debug|Any CPU
		{6BFE8541-4184-483E-91D4-C8DCD9A8811C}.Debug|Any CPU.Build.0 = Debug|Any CPU
		{6BFE8541-4184-483E-91D4-C8DCD9A8811C}.Release|Any CPU.ActiveCfg = Release|Any CPU
		{6BFE8541-4184-483E-91D4-C8DCD9A8811C}.Release|Any CPU.Build.0 = Release|Any CPU
	EndGlobalSection
	GlobalSection(SolutionProperties) = preSolution
		HideSolutionNode = FALSE
	EndGlobalSection
	GlobalSection(ExtensibilityGlobals) = postSolution
		SolutionGuid = {9BE1C0C9-3CB7-4B2A-92A8-1EE06F301267}
	EndGlobalSection
EndGlobal
